github.com/nunocoracao/blowfish/v2 v2.50.0 h1:1ACaXQa4yDm3wRwiF+XhATom32a1c352rVhZRdYTrpU=
github.com/nunocoracao/blowfish/v2 v2.50.0/go.mod h1:4SkMc+Ht8gpQCwArqiHMBDP3soxi2OWuAhVney+cuyk=
github.com/nunocoracao/blowfish/v2 v2.80.0 h1:b4Zyr8cgZiiHpISxGYSVn8CwEzRpfYhvxjLwNqOTzEM=
github.com/nunocoracao/blowfish/v2 v2.80.0/go.mod h1:4SkMc+Ht8gpQCwArqiHMBDP3soxi2OWuAhVney+cuyk=
